
Microsoft Visual Studio Solution File, Format Version 12.00
# Visual Studio 15
VisualStudioVersion = 15.0.27428.2043
MinimumVisualStudioVersion = 10.0.40219.1
Project("{FAE04EC0-301F-11D3-BF4B-00C04F79EFBC}") = "TrabajoEnClaseII", "TrabajoEnClaseII\TrabajoEnClaseII.csproj", "{50785E3A-B65F-4414-8C38-2412E68124D9}"
EndProject
Project("{FAE04EC0-301F-11D3-BF4B-00C04F79EFBC}") = "TrabajoEnClase2.test", "TrabajoEnClase2.test\TrabajoEnClase2.test.csproj", "{E45FDEFC-B9B2-4875-A408-B950EC72BED2}"
EndProject
Project("{FAE04EC0-301F-11D3-BF4B-00C04F79EFBC}") = "TrabajoEnClaseII.BL", "TrabajoEnClaseII.BL\TrabajoEnClaseII.BL.csproj", "{3013D669-59AA-4F60-ADE8-42FBC560471E}"
EndProject
Project("{FAE04EC0-301F-11D3-BF4B-00C04F79EFBC}") = "TrabajoEnClaseII.model", "TrabajoEnClaseII.model\TrabajoEnClaseII.model.csproj", "{9870D5B8-69B8-4390-8BB7-B1841288794F}"
EndProject
Global
	GlobalSection(SolutionConfigurationPlatforms) = preSolution
		Debug|Any CPU = Debug|Any CPU
		Release|Any CPU = Release|Any CPU
	EndGlobalSection
	GlobalSection(ProjectConfigurationPlatforms) = postSolution
		{50785E3A-B65F-4414-8C38-2412E68124D9}.Debug|Any CPU.ActiveCfg = Debug|Any CPU
		{50785E3A-B65F-4414-8C38-2412E68124D9}.Debug|Any CPU.Build.0 = Debug|Any CPU
		{50785E3A-B65F-4414-8C38-2412E68124D9}.Release|Any CPU.ActiveCfg = Release|Any CPU
		{50785E3A-B65F-4414-8C38-2412E68124D9}.Release|Any CPU.Build.0 = Release|Any CPU
		{E45FDEFC-B9B2-4875-A408-B950EC72BED2}.Debug|Any CPU.ActiveCfg = Debug|Any CPU
		{E45FDEFC-B9B2-4875-A408-B950EC72BED2}.Debug|Any CPU.Build.0 = Debug|Any CPU
		{E45FDEFC-B9B2-4875-A408-B950EC72BED2}.Release|Any CPU.ActiveCfg = Release|Any CPU
		{E45FDEFC-B9B2-4875-A408-B950EC72BED2}.Release|Any CPU.Build.0 = Release|Any CPU
		{3013D669-59AA-4F60-ADE8-42FBC560471E}.Debug|Any CPU.ActiveCfg = Debug|Any CPU
		{3013D669-59AA-4F60-ADE8-42FBC560471E}.Debug|Any CPU.Build.0 = Debug|Any CPU
		{3013D669-59AA-4F60-ADE8-42FBC560471E}.Release|Any CPU.ActiveCfg = Release|Any CPU
		{3013D669-59AA-4F60-ADE8-42FBC560471E}.Release|Any CPU.Build.0 = Release|Any CPU
		{9870D5B8-69B8-4390-8BB7-B1841288794F}.Debug|Any CPU.ActiveCfg = Debug|Any CPU
		{9870D5B8-69B8-4390-8BB7-B1841288794F}.Debug|Any CPU.Build.0 = Debug|Any CPU
		{9870D5B8-69B8-4390-8BB7-B1841288794F}.Release|Any CPU.ActiveCfg = Release|Any CPU
		{9870D5B8-69B8-4390-8BB7-B1841288794F}.Release|Any CPU.Build.0 = Release|Any CPU
	EndGlobalSection
	GlobalSection(SolutionProperties) = preSolution
		HideSolutionNode = FALSE
	EndGlobalSection
	GlobalSection(ExtensibilityGlobals) = postSolution
		SolutionGuid = {0DD23458-4261-40D9-9ECC-D9949D5BCBAB}
	EndGlobalSection
EndGlobal
