
Microsoft Visual Studio Solution File, Format Version 12.00
# Visual Studio 15
VisualStudioVersion = 15.0.27428.2043
MinimumVisualStudioVersion = 10.0.40219.1
Project("{FAE04EC0-301F-11D3-BF4B-00C04F79EFBC}") = "TrabajoEnClaseII.test", "TrabajoEnClaseII.test\TrabajoEnClaseII.test.csproj", "{E4DB8BED-9928-4988-8441-2F1239457748}"
EndProject
Global
	GlobalSection(SolutionConfigurationPlatforms) = preSolution
		Debug|Any CPU = Debug|Any CPU
		Release|Any CPU = Release|Any CPU
	EndGlobalSection
	GlobalSection(ProjectConfigurationPlatforms) = postSolution
		{E4DB8BED-9928-4988-8441-2F1239457748}.Debug|Any CPU.ActiveCfg = Debug|Any CPU
		{E4DB8BED-9928-4988-8441-2F1239457748}.Debug|Any CPU.Build.0 = Debug|Any CPU
		{E4DB8BED-9928-4988-8441-2F1239457748}.Release|Any CPU.ActiveCfg = Release|Any CPU
		{E4DB8BED-9928-4988-8441-2F1239457748}.Release|Any CPU.Build.0 = Release|Any CPU
	EndGlobalSection
	GlobalSection(SolutionProperties) = preSolution
		HideSolutionNode = FALSE
	EndGlobalSection
	GlobalSection(ExtensibilityGlobals) = postSolution
		SolutionGuid = {2EAE8A4A-4693-40F8-8185-40D72CB60155}
	EndGlobalSection
EndGlobal
